header:
  version: 14
overrides:
  repos:
    bitbake:
      commit: 51fd94a67fa17650a9ff623492005972bbc7d26f
    openembedded-core:
      commit: 0f03c732a0a2d0506b41b1abe60b3f368b2300dc
    meta-yocto:
      commit: 7c25b11156553145fa6b241a2d4f65d94438f804
    meta-openembedded:
      commit: 47d7dbdd10890bbd429bc0cccbe14435c37e5af1
    meta-raspberrypi:
      commit: f62c67921474370829d24a4fa01ef88543f3906b
    meta-qt6:
      commit: 2925ea875d9a71c58fd3f5b8437164d6f3fee359
    meta-wayland:
      commit: 2b97daa23e0e612a087ea54b150bd0b8e0ff9378
